
Microsoft Visual Studio Solution File, Format Version 12.00
# Visual Studio Version 16
VisualStudioVersion = 16.0.30907.101
MinimumVisualStudioVersion = 10.0.40219.1
Project("{2150E333-8FDC-42A3-9474-1A3956D46DE8}") = "Services", "Services", "{A492F31D-5D83-4569-9132-6EDF66D9BCB4}"
EndProject
Project("{2150E333-8FDC-42A3-9474-1A3956D46DE8}") = "SGM.Cidadao", "SGM.Cidadao", "{E4968AAA-60CF-49AF-A442-DEA82F44AB5A}"
EndProject
Project("{2150E333-8FDC-42A3-9474-1A3956D46DE8}") = "SGM.Manager", "SGM.Manager", "{756B9E1E-60C0-4E74-8685-C3D732B74802}"
EndProject
Project("{2150E333-8FDC-42A3-9474-1A3956D46DE8}") = "SGM.Gestao", "SGM.Gestao", "{2AA049E1-4C3B-4CCA-AB41-1A1190966707}"
EndProject
Project("{2150E333-8FDC-42A3-9474-1A3956D46DE8}") = "SGM.Saude", "SGM.Saude", "{BC546DDD-0962-4D55-805A-AFA3812178CF}"
EndProject
Project("{2150E333-8FDC-42A3-9474-1A3956D46DE8}") = "BuildingBlocks", "BuildingBlocks", "{7F42FC34-33F8-4B96-88BB-D2831F5024A5}"
EndProject
Project("{2150E333-8FDC-42A3-9474-1A3956D46DE8}") = "Gateway", "Gateway", "{9E1685B1-15C9-4050-A710-D8FFDA406050}"
EndProject
Project("{9A19103F-16F7-4668-BE54-9A1E7A4F7556}") = "SGM.Gateway", "SGM.Gateway\SGM.Gateway.csproj", "{02849021-3CDA-4F8E-A40D-0C0B34A86241}"
EndProject
Project("{2150E333-8FDC-42A3-9474-1A3956D46DE8}") = "Shared", "Shared", "{C334B455-F20C-4E5C-B8A6-C6898D375D29}"
EndProject
Project("{9A19103F-16F7-4668-BE54-9A1E7A4F7556}") = "SGM.Cidadao.API", "SGM.Cidadao.API\SGM.Cidadao.API.csproj", "{BCD83C04-9CD8-4366-AD3C-9FC32AC1D6C6}"
EndProject
Project("{9A19103F-16F7-4668-BE54-9A1E7A4F7556}") = "SGM.Cidadao.Application", "SGM.Cidadao.Application\SGM.Cidadao.Application.csproj", "{98EB5AA2-036A-4B04-B0FD-4BE6E4E70F1D}"
EndProject
Project("{9A19103F-16F7-4668-BE54-9A1E7A4F7556}") = "SGM.Cidadao.Domain", "SGM.Cidadao.Domain\SGM.Cidadao.Domain.csproj", "{3D864433-FB7D-477C-9339-4E3C66045C8A}"
EndProject
Project("{9A19103F-16F7-4668-BE54-9A1E7A4F7556}") = "SGM.Cidadao.Infra", "SGM.Cidacao.Infra\SGM.Cidadao.Infra.csproj", "{FEE66914-0CA9-4A16-86DD-C5176001150D}"
EndProject
Project("{9A19103F-16F7-4668-BE54-9A1E7A4F7556}") = "SGM.Gestao.API", "SGM.Gestao.API\SGM.Gestao.API.csproj", "{E6205E59-8BE9-4DB8-A45B-BCAD96076E36}"
EndProject
Project("{9A19103F-16F7-4668-BE54-9A1E7A4F7556}") = "SGM.Gestao.Application", "SGM.Gestao.Application\SGM.Gestao.Application.csproj", "{90766E0D-7E7B-4B19-9A2D-2962A1DF7E8E}"
EndProject
Project("{9A19103F-16F7-4668-BE54-9A1E7A4F7556}") = "SGM.Gestao.Domain", "SGM.Gestao.Domain\SGM.Gestao.Domain.csproj", "{E03801D2-6623-4EE2-8CB7-16D5C257948A}"
EndProject
Project("{9A19103F-16F7-4668-BE54-9A1E7A4F7556}") = "SGM.Gestao.Infra", "SGM.Gestao.Infra\SGM.Gestao.Infra.csproj", "{7BF72511-A178-46F3-9593-5E4B5003EB8B}"
EndProject
Project("{9A19103F-16F7-4668-BE54-9A1E7A4F7556}") = "SGM.Saude.API", "SGM.Saude.API\SGM.Saude.API.csproj", "{C3BD3389-EE0C-4B84-B529-16C0FB66C781}"
EndProject
Project("{9A19103F-16F7-4668-BE54-9A1E7A4F7556}") = "SGM.Saude.Application", "SGM.Saude.Application\SGM.Saude.Application.csproj", "{7C8DC7B8-F0FD-4DCA-9E44-CCBF2EDAED38}"
EndProject
Project("{9A19103F-16F7-4668-BE54-9A1E7A4F7556}") = "SGM.Saude.Domain", "SGM.Saude.Domain\SGM.Saude.Domain.csproj", "{771CABA7-25D3-4E24-AF9D-65F281E32207}"
EndProject
Project("{9A19103F-16F7-4668-BE54-9A1E7A4F7556}") = "SGM.Saude.Infra", "SGM.Saude.Infra\SGM.Saude.Infra.csproj", "{945E2659-770D-4849-8020-9C16A0D5A2B3}"
EndProject
Project("{9A19103F-16F7-4668-BE54-9A1E7A4F7556}") = "SGM.Shared.Core", "SGM.Shared\SGM.Shared.Core.csproj", "{C5B94FC8-BA49-4F22-BA21-B517C6B596AF}"
EndProject
Project("{9A19103F-16F7-4668-BE54-9A1E7A4F7556}") = "SGM.EventSourcing", "SGM.EventSourcing\SGM.EventSourcing.csproj", "{69E1FD69-0364-4F28-8E01-75858AAEFC73}"
EndProject
Project("{9A19103F-16F7-4668-BE54-9A1E7A4F7556}") = "SGM.Logging", "SGM.Logging\SGM.Logging.csproj", "{59BD9695-80E0-40C5-B0EE-E5FFDB6CF0FC}"
EndProject
Project("{9A19103F-16F7-4668-BE54-9A1E7A4F7556}") = "SGM.Manager.Domain", "SGM.Manager.Domain\SGM.Manager.Domain.csproj", "{86DCE4CD-1724-4319-8543-58DCD330ACE8}"
EndProject
Project("{9A19103F-16F7-4668-BE54-9A1E7A4F7556}") = "SGM.Manager.API", "SGM.Manager.API\SGM.Manager.API.csproj", "{F2B48B23-8FF8-4E6C-9706-2CA167CA55E1}"
EndProject
Project("{9A19103F-16F7-4668-BE54-9A1E7A4F7556}") = "SGM.Manager.Infra", "SGM.Manager.Infra\SGM.Manager.Infra.csproj", "{E6CDD8B2-C12E-4339-A2FC-0218037A70DB}"
EndProject
Project("{FAE04EC0-301F-11D3-BF4B-00C04F79EFBC}") = "SGM.Manager.Application", "SGM.Manager.Application\SGM.Manager.Application.csproj", "{49EA6CEB-F51E-45A4-BCF2-BA4D4E19C6D9}"
EndProject
Project("{2150E333-8FDC-42A3-9474-1A3956D46DE8}") = "SGM.Auth", "SGM.Auth", "{286FFF09-C464-43F4-8446-DFAAACEA7685}"
EndProject
Global
	GlobalSection(SolutionConfigurationPlatforms) = preSolution
		Debug|Any CPU = Debug|Any CPU
		Release|Any CPU = Release|Any CPU
	EndGlobalSection
	GlobalSection(ProjectConfigurationPlatforms) = postSolution
		{02849021-3CDA-4F8E-A40D-0C0B34A86241}.Debug|Any CPU.ActiveCfg = Debug|Any CPU
		{02849021-3CDA-4F8E-A40D-0C0B34A86241}.Debug|Any CPU.Build.0 = Debug|Any CPU
		{02849021-3CDA-4F8E-A40D-0C0B34A86241}.Release|Any CPU.ActiveCfg = Release|Any CPU
		{02849021-3CDA-4F8E-A40D-0C0B34A86241}.Release|Any CPU.Build.0 = Release|Any CPU
		{BCD83C04-9CD8-4366-AD3C-9FC32AC1D6C6}.Debug|Any CPU.ActiveCfg = Debug|Any CPU
		{BCD83C04-9CD8-4366-AD3C-9FC32AC1D6C6}.Debug|Any CPU.Build.0 = Debug|Any CPU
		{BCD83C04-9CD8-4366-AD3C-9FC32AC1D6C6}.Release|Any CPU.ActiveCfg = Release|Any CPU
		{BCD83C04-9CD8-4366-AD3C-9FC32AC1D6C6}.Release|Any CPU.Build.0 = Release|Any CPU
		{98EB5AA2-036A-4B04-B0FD-4BE6E4E70F1D}.Debug|Any CPU.ActiveCfg = Debug|Any CPU
		{98EB5AA2-036A-4B04-B0FD-4BE6E4E70F1D}.Debug|Any CPU.Build.0 = Debug|Any CPU
		{98EB5AA2-036A-4B04-B0FD-4BE6E4E70F1D}.Release|Any CPU.ActiveCfg = Release|Any CPU
		{98EB5AA2-036A-4B04-B0FD-4BE6E4E70F1D}.Release|Any CPU.Build.0 = Release|Any CPU
		{3D864433-FB7D-477C-9339-4E3C66045C8A}.Debug|Any CPU.ActiveCfg = Debug|Any CPU
		{3D864433-FB7D-477C-9339-4E3C66045C8A}.Debug|Any CPU.Build.0 = Debug|Any CPU
		{3D864433-FB7D-477C-9339-4E3C66045C8A}.Release|Any CPU.ActiveCfg = Release|Any CPU
		{3D864433-FB7D-477C-9339-4E3C66045C8A}.Release|Any CPU.Build.0 = Release|Any CPU
		{FEE66914-0CA9-4A16-86DD-C5176001150D}.Debug|Any CPU.ActiveCfg = Debug|Any CPU
		{FEE66914-0CA9-4A16-86DD-C5176001150D}.Debug|Any CPU.Build.0 = Debug|Any CPU
		{FEE66914-0CA9-4A16-86DD-C5176001150D}.Release|Any CPU.ActiveCfg = Release|Any CPU
		{FEE66914-0CA9-4A16-86DD-C5176001150D}.Release|Any CPU.Build.0 = Release|Any CPU
		{E6205E59-8BE9-4DB8-A45B-BCAD96076E36}.Debug|Any CPU.ActiveCfg = Debug|Any CPU
		{E6205E59-8BE9-4DB8-A45B-BCAD96076E36}.Debug|Any CPU.Build.0 = Debug|Any CPU
		{E6205E59-8BE9-4DB8-A45B-BCAD96076E36}.Release|Any CPU.ActiveCfg = Release|Any CPU
		{E6205E59-8BE9-4DB8-A45B-BCAD96076E36}.Release|Any CPU.Build.0 = Release|Any CPU
		{90766E0D-7E7B-4B19-9A2D-2962A1DF7E8E}.Debug|Any CPU.ActiveCfg = Debug|Any CPU
		{90766E0D-7E7B-4B19-9A2D-2962A1DF7E8E}.Debug|Any CPU.Build.0 = Debug|Any CPU
		{90766E0D-7E7B-4B19-9A2D-2962A1DF7E8E}.Release|Any CPU.ActiveCfg = Release|Any CPU
		{90766E0D-7E7B-4B19-9A2D-2962A1DF7E8E}.Release|Any CPU.Build.0 = Release|Any CPU
		{E03801D2-6623-4EE2-8CB7-16D5C257948A}.Debug|Any CPU.ActiveCfg = Debug|Any CPU
		{E03801D2-6623-4EE2-8CB7-16D5C257948A}.Debug|Any CPU.Build.0 = Debug|Any CPU
		{E03801D2-6623-4EE2-8CB7-16D5C257948A}.Release|Any CPU.ActiveCfg = Release|Any CPU
		{E03801D2-6623-4EE2-8CB7-16D5C257948A}.Release|Any CPU.Build.0 = Release|Any CPU
		{7BF72511-A178-46F3-9593-5E4B5003EB8B}.Debug|Any CPU.ActiveCfg = Debug|Any CPU
		{7BF72511-A178-46F3-9593-5E4B5003EB8B}.Debug|Any CPU.Build.0 = Debug|Any CPU
		{7BF72511-A178-46F3-9593-5E4B5003EB8B}.Release|Any CPU.ActiveCfg = Release|Any CPU
		{7BF72511-A178-46F3-9593-5E4B5003EB8B}.Release|Any CPU.Build.0 = Release|Any CPU
		{C3BD3389-EE0C-4B84-B529-16C0FB66C781}.Debug|Any CPU.ActiveCfg = Debug|Any CPU
		{C3BD3389-EE0C-4B84-B529-16C0FB66C781}.Debug|Any CPU.Build.0 = Debug|Any CPU
		{C3BD3389-EE0C-4B84-B529-16C0FB66C781}.Release|Any CPU.ActiveCfg = Release|Any CPU
		{C3BD3389-EE0C-4B84-B529-16C0FB66C781}.Release|Any CPU.Build.0 = Release|Any CPU
		{7C8DC7B8-F0FD-4DCA-9E44-CCBF2EDAED38}.Debug|Any CPU.ActiveCfg = Debug|Any CPU
		{7C8DC7B8-F0FD-4DCA-9E44-CCBF2EDAED38}.Debug|Any CPU.Build.0 = Debug|Any CPU
		{7C8DC7B8-F0FD-4DCA-9E44-CCBF2EDAED38}.Release|Any CPU.ActiveCfg = Release|Any CPU
		{7C8DC7B8-F0FD-4DCA-9E44-CCBF2EDAED38}.Release|Any CPU.Build.0 = Release|Any CPU
		{771CABA7-25D3-4E24-AF9D-65F281E32207}.Debug|Any CPU.ActiveCfg = Debug|Any CPU
		{771CABA7-25D3-4E24-AF9D-65F281E32207}.Debug|Any CPU.Build.0 = Debug|Any CPU
		{771CABA7-25D3-4E24-AF9D-65F281E32207}.Release|Any CPU.ActiveCfg = Release|Any CPU
		{771CABA7-25D3-4E24-AF9D-65F281E32207}.Release|Any CPU.Build.0 = Release|Any CPU
		{945E2659-770D-4849-8020-9C16A0D5A2B3}.Debug|Any CPU.ActiveCfg = Debug|Any CPU
		{945E2659-770D-4849-8020-9C16A0D5A2B3}.Debug|Any CPU.Build.0 = Debug|Any CPU
		{945E2659-770D-4849-8020-9C16A0D5A2B3}.Release|Any CPU.ActiveCfg = Release|Any CPU
		{945E2659-770D-4849-8020-9C16A0D5A2B3}.Release|Any CPU.Build.0 = Release|Any CPU
		{C5B94FC8-BA49-4F22-BA21-B517C6B596AF}.Debug|Any CPU.ActiveCfg = Debug|Any CPU
		{C5B94FC8-BA49-4F22-BA21-B517C6B596AF}.Debug|Any CPU.Build.0 = Debug|Any CPU
		{C5B94FC8-BA49-4F22-BA21-B517C6B596AF}.Release|Any CPU.ActiveCfg = Release|Any CPU
		{C5B94FC8-BA49-4F22-BA21-B517C6B596AF}.Release|Any CPU.Build.0 = Release|Any CPU
		{69E1FD69-0364-4F28-8E01-75858AAEFC73}.Debug|Any CPU.ActiveCfg = Debug|Any CPU
		{69E1FD69-0364-4F28-8E01-75858AAEFC73}.Debug|Any CPU.Build.0 = Debug|Any CPU
		{69E1FD69-0364-4F28-8E01-75858AAEFC73}.Release|Any CPU.ActiveCfg = Release|Any CPU
		{69E1FD69-0364-4F28-8E01-75858AAEFC73}.Release|Any CPU.Build.0 = Release|Any CPU
		{59BD9695-80E0-40C5-B0EE-E5FFDB6CF0FC}.Debug|Any CPU.ActiveCfg = Debug|Any CPU
		{59BD9695-80E0-40C5-B0EE-E5FFDB6CF0FC}.Debug|Any CPU.Build.0 = Debug|Any CPU
		{59BD9695-80E0-40C5-B0EE-E5FFDB6CF0FC}.Release|Any CPU.ActiveCfg = Release|Any CPU
		{59BD9695-80E0-40C5-B0EE-E5FFDB6CF0FC}.Release|Any CPU.Build.0 = Release|Any CPU
		{86DCE4CD-1724-4319-8543-58DCD330ACE8}.Debug|Any CPU.ActiveCfg = Debug|Any CPU
		{86DCE4CD-1724-4319-8543-58DCD330ACE8}.Debug|Any CPU.Build.0 = Debug|Any CPU
		{86DCE4CD-1724-4319-8543-58DCD330ACE8}.Release|Any CPU.ActiveCfg = Release|Any CPU
		{86DCE4CD-1724-4319-8543-58DCD330ACE8}.Release|Any CPU.Build.0 = Release|Any CPU
		{F2B48B23-8FF8-4E6C-9706-2CA167CA55E1}.Debug|Any CPU.ActiveCfg = Debug|Any CPU
		{F2B48B23-8FF8-4E6C-9706-2CA167CA55E1}.Debug|Any CPU.Build.0 = Debug|Any CPU
		{F2B48B23-8FF8-4E6C-9706-2CA167CA55E1}.Release|Any CPU.ActiveCfg = Release|Any CPU
		{F2B48B23-8FF8-4E6C-9706-2CA167CA55E1}.Release|Any CPU.Build.0 = Release|Any CPU
		{E6CDD8B2-C12E-4339-A2FC-0218037A70DB}.Debug|Any CPU.ActiveCfg = Debug|Any CPU
		{E6CDD8B2-C12E-4339-A2FC-0218037A70DB}.Debug|Any CPU.Build.0 = Debug|Any CPU
		{E6CDD8B2-C12E-4339-A2FC-0218037A70DB}.Release|Any CPU.ActiveCfg = Release|Any CPU
		{E6CDD8B2-C12E-4339-A2FC-0218037A70DB}.Release|Any CPU.Build.0 = Release|Any CPU
		{49EA6CEB-F51E-45A4-BCF2-BA4D4E19C6D9}.Debug|Any CPU.ActiveCfg = Debug|Any CPU
		{49EA6CEB-F51E-45A4-BCF2-BA4D4E19C6D9}.Debug|Any CPU.Build.0 = Debug|Any CPU
		{49EA6CEB-F51E-45A4-BCF2-BA4D4E19C6D9}.Release|Any CPU.ActiveCfg = Release|Any CPU
		{49EA6CEB-F51E-45A4-BCF2-BA4D4E19C6D9}.Release|Any CPU.Build.0 = Release|Any CPU
	EndGlobalSection
	GlobalSection(SolutionProperties) = preSolution
		HideSolutionNode = FALSE
	EndGlobalSection
	GlobalSection(NestedProjects) = preSolution
		{E4968AAA-60CF-49AF-A442-DEA82F44AB5A} = {A492F31D-5D83-4569-9132-6EDF66D9BCB4}
		{756B9E1E-60C0-4E74-8685-C3D732B74802} = {A492F31D-5D83-4569-9132-6EDF66D9BCB4}
		{2AA049E1-4C3B-4CCA-AB41-1A1190966707} = {A492F31D-5D83-4569-9132-6EDF66D9BCB4}
		{BC546DDD-0962-4D55-805A-AFA3812178CF} = {A492F31D-5D83-4569-9132-6EDF66D9BCB4}
		{02849021-3CDA-4F8E-A40D-0C0B34A86241} = {9E1685B1-15C9-4050-A710-D8FFDA406050}
		{BCD83C04-9CD8-4366-AD3C-9FC32AC1D6C6} = {E4968AAA-60CF-49AF-A442-DEA82F44AB5A}
		{98EB5AA2-036A-4B04-B0FD-4BE6E4E70F1D} = {E4968AAA-60CF-49AF-A442-DEA82F44AB5A}
		{3D864433-FB7D-477C-9339-4E3C66045C8A} = {E4968AAA-60CF-49AF-A442-DEA82F44AB5A}
		{FEE66914-0CA9-4A16-86DD-C5176001150D} = {E4968AAA-60CF-49AF-A442-DEA82F44AB5A}
		{E6205E59-8BE9-4DB8-A45B-BCAD96076E36} = {2AA049E1-4C3B-4CCA-AB41-1A1190966707}
		{90766E0D-7E7B-4B19-9A2D-2962A1DF7E8E} = {2AA049E1-4C3B-4CCA-AB41-1A1190966707}
		{E03801D2-6623-4EE2-8CB7-16D5C257948A} = {2AA049E1-4C3B-4CCA-AB41-1A1190966707}
		{7BF72511-A178-46F3-9593-5E4B5003EB8B} = {2AA049E1-4C3B-4CCA-AB41-1A1190966707}
		{C3BD3389-EE0C-4B84-B529-16C0FB66C781} = {BC546DDD-0962-4D55-805A-AFA3812178CF}
		{7C8DC7B8-F0FD-4DCA-9E44-CCBF2EDAED38} = {BC546DDD-0962-4D55-805A-AFA3812178CF}
		{771CABA7-25D3-4E24-AF9D-65F281E32207} = {BC546DDD-0962-4D55-805A-AFA3812178CF}
		{945E2659-770D-4849-8020-9C16A0D5A2B3} = {BC546DDD-0962-4D55-805A-AFA3812178CF}
		{C5B94FC8-BA49-4F22-BA21-B517C6B596AF} = {C334B455-F20C-4E5C-B8A6-C6898D375D29}
		{69E1FD69-0364-4F28-8E01-75858AAEFC73} = {7F42FC34-33F8-4B96-88BB-D2831F5024A5}
		{59BD9695-80E0-40C5-B0EE-E5FFDB6CF0FC} = {7F42FC34-33F8-4B96-88BB-D2831F5024A5}
		{86DCE4CD-1724-4319-8543-58DCD330ACE8} = {756B9E1E-60C0-4E74-8685-C3D732B74802}
		{F2B48B23-8FF8-4E6C-9706-2CA167CA55E1} = {756B9E1E-60C0-4E74-8685-C3D732B74802}
		{E6CDD8B2-C12E-4339-A2FC-0218037A70DB} = {756B9E1E-60C0-4E74-8685-C3D732B74802}
		{49EA6CEB-F51E-45A4-BCF2-BA4D4E19C6D9} = {756B9E1E-60C0-4E74-8685-C3D732B74802}
		{286FFF09-C464-43F4-8446-DFAAACEA7685} = {A492F31D-5D83-4569-9132-6EDF66D9BCB4}
	EndGlobalSection
	GlobalSection(ExtensibilityGlobals) = postSolution
		SolutionGuid = {E28F6D22-2F05-4F94-B444-F84D5D386E96}
	EndGlobalSection
EndGlobal
